
Microsoft Visual Studio Solution File, Format Version 12.00
# Visual Studio 15
VisualStudioVersion = 15.0.26124.0
MinimumVisualStudioVersion = 15.0.26124.0
Project("{9A19103F-16F7-4668-BE54-9A1E7A4F7556}") = "R5T.Borgue.Base.Construction", "R5T.Borgue.Base.Construction\R5T.Borgue.Base.Construction.csproj", "{A2FF1671-ECEA-4C11-84D8-9F81BDCCE142}"
EndProject
Project("{9A19103F-16F7-4668-BE54-9A1E7A4F7556}") = "R5T.Borgue.Base", "R5T.Borgue.Base\R5T.Borgue.Base.csproj", "{CA47FDDE-C3B1-4721-BCCD-913F9D57680E}"
EndProject
Project("{2150E333-8FDC-42A3-9474-1A3956D46DE8}") = "_Dependencies", "_Dependencies", "{E928E1C1-0FA0-46B1-B79A-59D52EEE1571}"
EndProject
Project("{9A19103F-16F7-4668-BE54-9A1E7A4F7556}") = "R5T.Corcyra", "..\..\R5T.Corcyra\source\R5T.Corcyra\R5T.Corcyra.csproj", "{625249ED-9DE7-45DB-A835-AA64159E9952}"
EndProject
Project("{9A19103F-16F7-4668-BE54-9A1E7A4F7556}") = "R5T.Guide", "..\..\R5T.Guide\source\R5T.Guide\R5T.Guide.csproj", "{82BF6081-FBCA-4819-BFEC-E7C3C948125B}"
EndProject
Global
	GlobalSection(SolutionConfigurationPlatforms) = preSolution
		Debug|Any CPU = Debug|Any CPU
		Debug|x64 = Debug|x64
		Debug|x86 = Debug|x86
		Release|Any CPU = Release|Any CPU
		Release|x64 = Release|x64
		Release|x86 = Release|x86
	EndGlobalSection
	GlobalSection(ProjectConfigurationPlatforms) = postSolution
		{A2FF1671-ECEA-4C11-84D8-9F81BDCCE142}.Debug|Any CPU.ActiveCfg = Debug|Any CPU
		{A2FF1671-ECEA-4C11-84D8-9F81BDCCE142}.Debug|Any CPU.Build.0 = Debug|Any CPU
		{A2FF1671-ECEA-4C11-84D8-9F81BDCCE142}.Debug|x64.ActiveCfg = Debug|Any CPU
		{A2FF1671-ECEA-4C11-84D8-9F81BDCCE142}.Debug|x64.Build.0 = Debug|Any CPU
		{A2FF1671-ECEA-4C11-84D8-9F81BDCCE142}.Debug|x86.ActiveCfg = Debug|Any CPU
		{A2FF1671-ECEA-4C11-84D8-9F81BDCCE142}.Debug|x86.Build.0 = Debug|Any CPU
		{A2FF1671-ECEA-4C11-84D8-9F81BDCCE142}.Release|Any CPU.ActiveCfg = Release|Any CPU
		{A2FF1671-ECEA-4C11-84D8-9F81BDCCE142}.Release|Any CPU.Build.0 = Release|Any CPU
		{A2FF1671-ECEA-4C11-84D8-9F81BDCCE142}.Release|x64.ActiveCfg = Release|Any CPU
		{A2FF1671-ECEA-4C11-84D8-9F81BDCCE142}.Release|x64.Build.0 = Release|Any CPU
		{A2FF1671-ECEA-4C11-84D8-9F81BDCCE142}.Release|x86.ActiveCfg = Release|Any CPU
		{A2FF1671-ECEA-4C11-84D8-9F81BDCCE142}.Release|x86.Build.0 = Release|Any CPU
		{CA47FDDE-C3B1-4721-BCCD-913F9D57680E}.Debug|Any CPU.ActiveCfg = Debug|Any CPU
		{CA47FDDE-C3B1-4721-BCCD-913F9D57680E}.Debug|Any CPU.Build.0 = Debug|Any CPU
		{CA47FDDE-C3B1-4721-BCCD-913F9D57680E}.Debug|x64.ActiveCfg = Debug|Any CPU
		{CA47FDDE-C3B1-4721-BCCD-913F9D57680E}.Debug|x64.Build.0 = Debug|Any CPU
		{CA47FDDE-C3B1-4721-BCCD-913F9D57680E}.Debug|x86.ActiveCfg = Debug|Any CPU
		{CA47FDDE-C3B1-4721-BCCD-913F9D57680E}.Debug|x86.Build.0 = Debug|Any CPU
		{CA47FDDE-C3B1-4721-BCCD-913F9D57680E}.Release|Any CPU.ActiveCfg = Release|Any CPU
		{CA47FDDE-C3B1-4721-BCCD-913F9D57680E}.Release|Any CPU.Build.0 = Release|Any CPU
		{CA47FDDE-C3B1-4721-BCCD-913F9D57680E}.Release|x64.ActiveCfg = Release|Any CPU
		{CA47FDDE-C3B1-4721-BCCD-913F9D57680E}.Release|x64.Build.0 = Release|Any CPU
		{CA47FDDE-C3B1-4721-BCCD-913F9D57680E}.Release|x86.ActiveCfg = Release|Any CPU
		{CA47FDDE-C3B1-4721-BCCD-913F9D57680E}.Release|x86.Build.0 = Release|Any CPU
		{625249ED-9DE7-45DB-A835-AA64159E9952}.Debug|Any CPU.ActiveCfg = Debug|Any CPU
		{625249ED-9DE7-45DB-A835-AA64159E9952}.Debug|Any CPU.Build.0 = Debug|Any CPU
		{625249ED-9DE7-45DB-A835-AA64159E9952}.Debug|x64.ActiveCfg = Debug|Any CPU
		{625249ED-9DE7-45DB-A835-AA64159E9952}.Debug|x64.Build.0 = Debug|Any CPU
		{625249ED-9DE7-45DB-A835-AA64159E9952}.Debug|x86.ActiveCfg = Debug|Any CPU
		{625249ED-9DE7-45DB-A835-AA64159E9952}.Debug|x86.Build.0 = Debug|Any CPU
		{625249ED-9DE7-45DB-A835-AA64159E9952}.Release|Any CPU.ActiveCfg = Release|Any CPU
		{625249ED-9DE7-45DB-A835-AA64159E9952}.Release|Any CPU.Build.0 = Release|Any CPU
		{625249ED-9DE7-45DB-A835-AA64159E9952}.Release|x64.ActiveCfg = Release|Any CPU
		{625249ED-9DE7-45DB-A835-AA64159E9952}.Release|x64.Build.0 = Release|Any CPU
		{625249ED-9DE7-45DB-A835-AA64159E9952}.Release|x86.ActiveCfg = Release|Any CPU
		{625249ED-9DE7-45DB-A835-AA64159E9952}.Release|x86.Build.0 = Release|Any CPU
		{82BF6081-FBCA-4819-BFEC-E7C3C948125B}.Debug|Any CPU.ActiveCfg = Debug|Any CPU
		{82BF6081-FBCA-4819-BFEC-E7C3C948125B}.Debug|Any CPU.Build.0 = Debug|Any CPU
		{82BF6081-FBCA-4819-BFEC-E7C3C948125B}.Debug|x64.ActiveCfg = Debug|Any CPU
		{82BF6081-FBCA-4819-BFEC-E7C3C948125B}.Debug|x64.Build.0 = Debug|Any CPU
		{82BF6081-FBCA-4819-BFEC-E7C3C948125B}.Debug|x86.ActiveCfg = Debug|Any CPU
		{82BF6081-FBCA-4819-BFEC-E7C3C948125B}.Debug|x86.Build.0 = Debug|Any CPU
		{82BF6081-FBCA-4819-BFEC-E7C3C948125B}.Release|Any CPU.ActiveCfg = Release|Any CPU
		{82BF6081-FBCA-4819-BFEC-E7C3C948125B}.Release|Any CPU.Build.0 = Release|Any CPU
		{82BF6081-FBCA-4819-BFEC-E7C3C948125B}.Release|x64.ActiveCfg = Release|Any CPU
		{82BF6081-FBCA-4819-BFEC-E7C3C948125B}.Release|x64.Build.0 = Release|Any CPU
		{82BF6081-FBCA-4819-BFEC-E7C3C948125B}.Release|x86.ActiveCfg = Release|Any CPU
		{82BF6081-FBCA-4819-BFEC-E7C3C948125B}.Release|x86.Build.0 = Release|Any CPU
	EndGlobalSection
	GlobalSection(SolutionProperties) = preSolution
		HideSolutionNode = FALSE
	EndGlobalSection
	GlobalSection(NestedProjects) = preSolution
		{625249ED-9DE7-45DB-A835-AA64159E9952} = {E928E1C1-0FA0-46B1-B79A-59D52EEE1571}
		{82BF6081-FBCA-4819-BFEC-E7C3C948125B} = {E928E1C1-0FA0-46B1-B79A-59D52EEE1571}
	EndGlobalSection
	GlobalSection(ExtensibilityGlobals) = postSolution
		SolutionGuid = {8FA2F335-459D-4A72-810E-665657795BB2}
	EndGlobalSection
EndGlobal
